
Microsoft Visual Studio Solution File, Format Version 12.00
# Visual Studio Version 17
VisualStudioVersion = 17.14.36212.18
MinimumVisualStudioVersion = 10.0.40219.1
Project("{2150E333-8FDC-42A3-9474-1A3956D46DE8}") = "Core", "Core", "{02EA681E-C7D8-13C7-8484-4AC65E1B71E8}"
EndProject
Project("{2150E333-8FDC-42A3-9474-1A3956D46DE8}") = "Extension", "Extension", "{87341C1C-AD38-4F45-BC39-14F996327C6D}"
EndProject
Project("{2150E333-8FDC-42A3-9474-1A3956D46DE8}") = "Infrastructure", "Infrastructure", "{3D025232-EB25-42C0-8B7F-E87BB218B73F}"
EndProject
Project("{2150E333-8FDC-42A3-9474-1A3956D46DE8}") = "Lib", "Lib", "{88E7C517-FB8E-487B-AA07-20BA3B6B8DC4}"
EndProject
Project("{2150E333-8FDC-42A3-9474-1A3956D46DE8}") = "Presentation", "Presentation", "{E9DDAE89-E015-4681-B804-066F7743AC68}"
EndProject
Project("{FAE04EC0-301F-11D3-BF4B-00C04F79EFBC}") = "Project.Controller.Auth", "Presentation\Project.Controller.Auth\Project.Controller.Auth.csproj", "{B410B3C6-9E82-4843-82E1-283526C9C5BD}"
EndProject
Project("{FAE04EC0-301F-11D3-BF4B-00C04F79EFBC}") = "Project.Controller.Host", "Presentation\Project.Controller.Host\Project.Controller.Host.csproj", "{5500FBA2-E6EC-4EFC-924C-3D2A879508BC}"
EndProject
Project("{FAE04EC0-301F-11D3-BF4B-00C04F79EFBC}") = "Project.Infrastructure.Mysql", "Infrastructure\Project.Infrastructure.Mysql\Project.Infrastructure.Mysql.csproj", "{4E0FD90B-728A-41A6-8CFE-E16439F98D36}"
EndProject
Project("{FAE04EC0-301F-11D3-BF4B-00C04F79EFBC}") = "Project.Domain.Share", "Core\Project.Domain.Share\Project.Domain.Share.csproj", "{40E8AF37-F0F1-4A67-82BE-117B8208D8F5}"
EndProject
Project("{FAE04EC0-301F-11D3-BF4B-00C04F79EFBC}") = "Project.Domain", "Core\Project.Domain\Project.Domain.csproj", "{0188049A-7C5A-48B0-BBFF-FB79F2C4AB43}"
EndProject
Project("{FAE04EC0-301F-11D3-BF4B-00C04F79EFBC}") = "Project.Application", "Core\Project.Application\Project.Application.csproj", "{245414DE-5085-4CFD-AEE6-A7650E959EE5}"
EndProject
Project("{FAE04EC0-301F-11D3-BF4B-00C04F79EFBC}") = "Project.Extensions", "Extensions\Project.Extensions\Project.Extensions.csproj", "{34E7856C-1BDF-4A65-9C85-FC84CA85835A}"
EndProject
Project("{FAE04EC0-301F-11D3-BF4B-00C04F79EFBC}") = "Project.Application.Contract", "Core\Project.Application.Contract\Project.Application.Contract.csproj", "{83E13D0F-B8AA-4429-B2C8-2B4452176FC6}"
EndProject
Project("{FAE04EC0-301F-11D3-BF4B-00C04F79EFBC}") = "Project.Host.Base", "Libs\Project.Host.Base\Project.Host.Base.csproj", "{4B103838-B54F-4824-B12C-1A3784B7F637}"
EndProject
Project("{FAE04EC0-301F-11D3-BF4B-00C04F79EFBC}") = "Project.Libs", "Libs\Project.Libs\Project.Libs.csproj", "{BA4B7D7D-22F7-41C4-8723-55DAADC47E5D}"
EndProject
Project("{2150E333-8FDC-42A3-9474-1A3956D46DE8}") = "Config", "Config", "{8827030C-C931-4E05-9F3C-4F025260DB2B}"
	ProjectSection(SolutionItems) = preProject
		Configs\auth.json = Configs\auth.json
		Configs\connection.json = Configs\connection.json
		Configs\kafka.json = Configs\kafka.json
	EndProjectSection
EndProject
Project("{FAE04EC0-301F-11D3-BF4B-00C04F79EFBC}") = "Project.Infrastructure.Base", "Infrastructure\Project.Infrastructure.Base\Project.Infrastructure.Base.csproj", "{F3E88ACB-912C-40C7-9E74-17AA4A93203A}"
EndProject
Project("{FAE04EC0-301F-11D3-BF4B-00C04F79EFBC}") = "Project.Infrastructure.MongoDB", "Infrastructure\Project.Infrastructure.MongoDB\Project.Infrastructure.MongoDB.csproj", "{C1EA6A93-DE0D-4194-BFD8-22D39E462860}"
EndProject
Project("{FAE04EC0-301F-11D3-BF4B-00C04F79EFBC}") = "Project.Controller.Notification", "Presentation\Project.Controller.Notification\Project.Controller.Notification.csproj", "{A42A083E-CC85-4BF8-B1DB-C8F0F5C28AFD}"
EndProject
Project("{FAE04EC0-301F-11D3-BF4B-00C04F79EFBC}") = "Project.Infastructure.Kafka", "Infrastructure\Project.Infastructure.Kafka\Project.Infastructure.Kafka.csproj", "{61433463-C23E-48DF-8723-9198CA4DF1C2}"
EndProject
Project("{2150E333-8FDC-42A3-9474-1A3956D46DE8}") = "Woker", "Woker", "{3E33429D-7948-4458-AF36-B9123F57DBAA}"
EndProject
Project("{FAE04EC0-301F-11D3-BF4B-00C04F79EFBC}") = "Project.Worker.Base", "Presentation\Project.Worker.Base\Project.Worker.Base.csproj", "{6EE03922-FC7C-48CB-8694-A2EC193D2C2E}"
EndProject
Project("{FAE04EC0-301F-11D3-BF4B-00C04F79EFBC}") = "Project.Worker.TestKafka", "Presentation\Project.Worker.TestKafka\Project.Worker.TestKafka.csproj", "{4F7345E3-A836-46DD-926B-9BF75898A1D0}"
EndProject
Project("{FAE04EC0-301F-11D3-BF4B-00C04F79EFBC}") = "Project.Controller.Test", "Presentation\Project.Controller.Test\Project.Controller.Test.csproj", "{A9A976C4-DB0C-4648-8319-4AA8463E0BFA}"
EndProject
Global
	GlobalSection(SolutionConfigurationPlatforms) = preSolution
		Debug|Any CPU = Debug|Any CPU
		Release|Any CPU = Release|Any CPU
	EndGlobalSection
	GlobalSection(ProjectConfigurationPlatforms) = postSolution
		{B410B3C6-9E82-4843-82E1-283526C9C5BD}.Debug|Any CPU.ActiveCfg = Debug|Any CPU
		{B410B3C6-9E82-4843-82E1-283526C9C5BD}.Debug|Any CPU.Build.0 = Debug|Any CPU
		{B410B3C6-9E82-4843-82E1-283526C9C5BD}.Release|Any CPU.ActiveCfg = Release|Any CPU
		{B410B3C6-9E82-4843-82E1-283526C9C5BD}.Release|Any CPU.Build.0 = Release|Any CPU
		{5500FBA2-E6EC-4EFC-924C-3D2A879508BC}.Debug|Any CPU.ActiveCfg = Debug|Any CPU
		{5500FBA2-E6EC-4EFC-924C-3D2A879508BC}.Debug|Any CPU.Build.0 = Debug|Any CPU
		{5500FBA2-E6EC-4EFC-924C-3D2A879508BC}.Release|Any CPU.ActiveCfg = Release|Any CPU
		{5500FBA2-E6EC-4EFC-924C-3D2A879508BC}.Release|Any CPU.Build.0 = Release|Any CPU
		{4E0FD90B-728A-41A6-8CFE-E16439F98D36}.Debug|Any CPU.ActiveCfg = Debug|Any CPU
		{4E0FD90B-728A-41A6-8CFE-E16439F98D36}.Debug|Any CPU.Build.0 = Debug|Any CPU
		{4E0FD90B-728A-41A6-8CFE-E16439F98D36}.Release|Any CPU.ActiveCfg = Release|Any CPU
		{4E0FD90B-728A-41A6-8CFE-E16439F98D36}.Release|Any CPU.Build.0 = Release|Any CPU
		{40E8AF37-F0F1-4A67-82BE-117B8208D8F5}.Debug|Any CPU.ActiveCfg = Debug|Any CPU
		{40E8AF37-F0F1-4A67-82BE-117B8208D8F5}.Debug|Any CPU.Build.0 = Debug|Any CPU
		{40E8AF37-F0F1-4A67-82BE-117B8208D8F5}.Release|Any CPU.ActiveCfg = Release|Any CPU
		{40E8AF37-F0F1-4A67-82BE-117B8208D8F5}.Release|Any CPU.Build.0 = Release|Any CPU
		{0188049A-7C5A-48B0-BBFF-FB79F2C4AB43}.Debug|Any CPU.ActiveCfg = Debug|Any CPU
		{0188049A-7C5A-48B0-BBFF-FB79F2C4AB43}.Debug|Any CPU.Build.0 = Debug|Any CPU
		{0188049A-7C5A-48B0-BBFF-FB79F2C4AB43}.Release|Any CPU.ActiveCfg = Release|Any CPU
		{0188049A-7C5A-48B0-BBFF-FB79F2C4AB43}.Release|Any CPU.Build.0 = Release|Any CPU
		{245414DE-5085-4CFD-AEE6-A7650E959EE5}.Debug|Any CPU.ActiveCfg = Debug|Any CPU
		{245414DE-5085-4CFD-AEE6-A7650E959EE5}.Debug|Any CPU.Build.0 = Debug|Any CPU
		{245414DE-5085-4CFD-AEE6-A7650E959EE5}.Release|Any CPU.ActiveCfg = Release|Any CPU
		{245414DE-5085-4CFD-AEE6-A7650E959EE5}.Release|Any CPU.Build.0 = Release|Any CPU
		{34E7856C-1BDF-4A65-9C85-FC84CA85835A}.Debug|Any CPU.ActiveCfg = Debug|Any CPU
		{34E7856C-1BDF-4A65-9C85-FC84CA85835A}.Debug|Any CPU.Build.0 = Debug|Any CPU
		{34E7856C-1BDF-4A65-9C85-FC84CA85835A}.Release|Any CPU.ActiveCfg = Release|Any CPU
		{34E7856C-1BDF-4A65-9C85-FC84CA85835A}.Release|Any CPU.Build.0 = Release|Any CPU
		{83E13D0F-B8AA-4429-B2C8-2B4452176FC6}.Debug|Any CPU.ActiveCfg = Debug|Any CPU
		{83E13D0F-B8AA-4429-B2C8-2B4452176FC6}.Debug|Any CPU.Build.0 = Debug|Any CPU
		{83E13D0F-B8AA-4429-B2C8-2B4452176FC6}.Release|Any CPU.ActiveCfg = Release|Any CPU
		{83E13D0F-B8AA-4429-B2C8-2B4452176FC6}.Release|Any CPU.Build.0 = Release|Any CPU
		{4B103838-B54F-4824-B12C-1A3784B7F637}.Debug|Any CPU.ActiveCfg = Debug|Any CPU
		{4B103838-B54F-4824-B12C-1A3784B7F637}.Debug|Any CPU.Build.0 = Debug|Any CPU
		{4B103838-B54F-4824-B12C-1A3784B7F637}.Release|Any CPU.ActiveCfg = Release|Any CPU
		{4B103838-B54F-4824-B12C-1A3784B7F637}.Release|Any CPU.Build.0 = Release|Any CPU
		{BA4B7D7D-22F7-41C4-8723-55DAADC47E5D}.Debug|Any CPU.ActiveCfg = Debug|Any CPU
		{BA4B7D7D-22F7-41C4-8723-55DAADC47E5D}.Debug|Any CPU.Build.0 = Debug|Any CPU
		{BA4B7D7D-22F7-41C4-8723-55DAADC47E5D}.Release|Any CPU.ActiveCfg = Release|Any CPU
		{BA4B7D7D-22F7-41C4-8723-55DAADC47E5D}.Release|Any CPU.Build.0 = Release|Any CPU
		{F3E88ACB-912C-40C7-9E74-17AA4A93203A}.Debug|Any CPU.ActiveCfg = Debug|Any CPU
		{F3E88ACB-912C-40C7-9E74-17AA4A93203A}.Debug|Any CPU.Build.0 = Debug|Any CPU
		{F3E88ACB-912C-40C7-9E74-17AA4A93203A}.Release|Any CPU.ActiveCfg = Release|Any CPU
		{F3E88ACB-912C-40C7-9E74-17AA4A93203A}.Release|Any CPU.Build.0 = Release|Any CPU
		{C1EA6A93-DE0D-4194-BFD8-22D39E462860}.Debug|Any CPU.ActiveCfg = Debug|Any CPU
		{C1EA6A93-DE0D-4194-BFD8-22D39E462860}.Debug|Any CPU.Build.0 = Debug|Any CPU
		{C1EA6A93-DE0D-4194-BFD8-22D39E462860}.Release|Any CPU.ActiveCfg = Release|Any CPU
		{C1EA6A93-DE0D-4194-BFD8-22D39E462860}.Release|Any CPU.Build.0 = Release|Any CPU
		{A42A083E-CC85-4BF8-B1DB-C8F0F5C28AFD}.Debug|Any CPU.ActiveCfg = Debug|Any CPU
		{A42A083E-CC85-4BF8-B1DB-C8F0F5C28AFD}.Debug|Any CPU.Build.0 = Debug|Any CPU
		{A42A083E-CC85-4BF8-B1DB-C8F0F5C28AFD}.Release|Any CPU.ActiveCfg = Release|Any CPU
		{A42A083E-CC85-4BF8-B1DB-C8F0F5C28AFD}.Release|Any CPU.Build.0 = Release|Any CPU
		{61433463-C23E-48DF-8723-9198CA4DF1C2}.Debug|Any CPU.ActiveCfg = Debug|Any CPU
		{61433463-C23E-48DF-8723-9198CA4DF1C2}.Debug|Any CPU.Build.0 = Debug|Any CPU
		{61433463-C23E-48DF-8723-9198CA4DF1C2}.Release|Any CPU.ActiveCfg = Release|Any CPU
		{61433463-C23E-48DF-8723-9198CA4DF1C2}.Release|Any CPU.Build.0 = Release|Any CPU
		{6EE03922-FC7C-48CB-8694-A2EC193D2C2E}.Debug|Any CPU.ActiveCfg = Debug|Any CPU
		{6EE03922-FC7C-48CB-8694-A2EC193D2C2E}.Debug|Any CPU.Build.0 = Debug|Any CPU
		{6EE03922-FC7C-48CB-8694-A2EC193D2C2E}.Release|Any CPU.ActiveCfg = Release|Any CPU
		{6EE03922-FC7C-48CB-8694-A2EC193D2C2E}.Release|Any CPU.Build.0 = Release|Any CPU
		{4F7345E3-A836-46DD-926B-9BF75898A1D0}.Debug|Any CPU.ActiveCfg = Debug|Any CPU
		{4F7345E3-A836-46DD-926B-9BF75898A1D0}.Debug|Any CPU.Build.0 = Debug|Any CPU
		{4F7345E3-A836-46DD-926B-9BF75898A1D0}.Release|Any CPU.ActiveCfg = Release|Any CPU
		{4F7345E3-A836-46DD-926B-9BF75898A1D0}.Release|Any CPU.Build.0 = Release|Any CPU
		{A9A976C4-DB0C-4648-8319-4AA8463E0BFA}.Debug|Any CPU.ActiveCfg = Debug|Any CPU
		{A9A976C4-DB0C-4648-8319-4AA8463E0BFA}.Debug|Any CPU.Build.0 = Debug|Any CPU
		{A9A976C4-DB0C-4648-8319-4AA8463E0BFA}.Release|Any CPU.ActiveCfg = Release|Any CPU
		{A9A976C4-DB0C-4648-8319-4AA8463E0BFA}.Release|Any CPU.Build.0 = Release|Any CPU
	EndGlobalSection
	GlobalSection(SolutionProperties) = preSolution
		HideSolutionNode = FALSE
	EndGlobalSection
	GlobalSection(NestedProjects) = preSolution
		{B410B3C6-9E82-4843-82E1-283526C9C5BD} = {E9DDAE89-E015-4681-B804-066F7743AC68}
		{5500FBA2-E6EC-4EFC-924C-3D2A879508BC} = {E9DDAE89-E015-4681-B804-066F7743AC68}
		{4E0FD90B-728A-41A6-8CFE-E16439F98D36} = {3D025232-EB25-42C0-8B7F-E87BB218B73F}
		{40E8AF37-F0F1-4A67-82BE-117B8208D8F5} = {02EA681E-C7D8-13C7-8484-4AC65E1B71E8}
		{0188049A-7C5A-48B0-BBFF-FB79F2C4AB43} = {02EA681E-C7D8-13C7-8484-4AC65E1B71E8}
		{245414DE-5085-4CFD-AEE6-A7650E959EE5} = {02EA681E-C7D8-13C7-8484-4AC65E1B71E8}
		{34E7856C-1BDF-4A65-9C85-FC84CA85835A} = {87341C1C-AD38-4F45-BC39-14F996327C6D}
		{83E13D0F-B8AA-4429-B2C8-2B4452176FC6} = {02EA681E-C7D8-13C7-8484-4AC65E1B71E8}
		{4B103838-B54F-4824-B12C-1A3784B7F637} = {88E7C517-FB8E-487B-AA07-20BA3B6B8DC4}
		{BA4B7D7D-22F7-41C4-8723-55DAADC47E5D} = {88E7C517-FB8E-487B-AA07-20BA3B6B8DC4}
		{F3E88ACB-912C-40C7-9E74-17AA4A93203A} = {3D025232-EB25-42C0-8B7F-E87BB218B73F}
		{C1EA6A93-DE0D-4194-BFD8-22D39E462860} = {3D025232-EB25-42C0-8B7F-E87BB218B73F}
		{A42A083E-CC85-4BF8-B1DB-C8F0F5C28AFD} = {E9DDAE89-E015-4681-B804-066F7743AC68}
		{61433463-C23E-48DF-8723-9198CA4DF1C2} = {3D025232-EB25-42C0-8B7F-E87BB218B73F}
		{3E33429D-7948-4458-AF36-B9123F57DBAA} = {E9DDAE89-E015-4681-B804-066F7743AC68}
		{6EE03922-FC7C-48CB-8694-A2EC193D2C2E} = {3E33429D-7948-4458-AF36-B9123F57DBAA}
		{4F7345E3-A836-46DD-926B-9BF75898A1D0} = {3E33429D-7948-4458-AF36-B9123F57DBAA}
		{A9A976C4-DB0C-4648-8319-4AA8463E0BFA} = {E9DDAE89-E015-4681-B804-066F7743AC68}
	EndGlobalSection
	GlobalSection(ExtensibilityGlobals) = postSolution
		SolutionGuid = {6AFEDBB5-198B-41F2-ACEA-803F4D249A81}
	EndGlobalSection
EndGlobal
